PODS:
  - AFNetworking (3.2.1):
    - AFNetworking/NSURLSession (= 3.2.1)
    - AFNetworking/Reachability (= 3.2.1)
    - AFNetworking/Security (= 3.2.1)
    - AFNetworking/Serialization (= 3.2.1)
    - AFNetworking/UIKit (= 3.2.1)
  - AFNetworking/NSURLSession (3.2.1):
    - AFNetworking/Reachability
    - AFNetworking/Security
    - AFNetworking/Serialization
  - AFNetworking/Reachability (3.2.1)
  - AFNetworking/Security (3.2.1)
  - AFNetworking/Serialization (3.2.1)
  - AFNetworking/UIKit (3.2.1):
    - AFNetworking/NSURLSession
  - ASIHTTPRequest (1.8.2):
    - ASIHTTPRequest/ASIWebPageRequest (= 1.8.2)
    - ASIHTTPRequest/CloudFiles (= 1.8.2)
    - ASIHTTPRequest/Core (= 1.8.2)
    - ASIHTTPRequest/S3 (= 1.8.2)
  - ASIHTTPRequest/ASIWebPageRequest (1.8.2):
    - ASIHTTPRequest/Core
  - ASIHTTPRequest/CloudFiles (1.8.2):
    - ASIHTTPRequest/Core
  - ASIHTTPRequest/Core (1.8.2):
    - Reachability
  - ASIHTTPRequest/S3 (1.8.2):
    - ASIHTTPRequest/Core
  - BaiduMapKit (4.0.0)
  - CYLTabBarController (1.17.6)
  - DWBubbleMenuButton (1.0.1)
  - FCUUID (1.3.1):
    - UICKeyChainStore (~> 2.1.0)
  - FDFullscreenPopGesture (1.1)
  - FMDB (2.7.2):
    - FMDB/standard (= 2.7.2)
  - FMDB/standard (2.7.2)
  - HMEmoticon (1.0.12)
  - HMQRCodeScanner (1.0.6)
  - iflyMSC (1.144)
  - IQKeyboardManager (6.0.2)
  - KILabel (1.0.1)
  - LxGridView (1.0.0)
  - M13ProgressSuite (1.2.9)
  - MagicWindowSDK (4.2.180210):
    - WechatOpenSDK
  - Masonry (1.1.0)
  - MBProgressHUD (1.1.0)
  - MJExtension (3.0.13)
  - MJRefresh (3.1.15.3)
  - MOFSPickerManager (2.0.2)
  - Reachability (3.2)
  - SDCycleScrollView (1.75):
    - SDWebImage (>= 4.0.0)
  - SDWebImage (4.3.3):
    - SDWebImage/Core (= 4.3.3)
  - SDWebImage/Core (4.3.3)
  - Toast (4.0.0)
  - TZImagePickerController (2.1.1)
  - UICKeyChainStore (2.1.1)
  - UMCAnalytics (5.5.0):
    - UMCCommon
  - UMCCommon (1.5.0)
  - UMCPush (3.2.1):
    - UMCCommon
  - UMCSecurityPlugins (1.0.6)
  - UMCShare/Core (6.9.1):
    - UMCCommon
  - UMCShare/Social/ReducedQQ (6.9.1):
    - UMCCommon
    - UMCShare/Core
  - UMCShare/Social/ReducedSina (6.9.1):
    - UMCCommon
    - UMCShare/Core
  - UMCShare/Social/ReducedWeChat (6.9.1):
    - UMCCommon
    - UMCShare/Core
  - UMCShare/UI (6.9.1):
    - UMCCommon
    - UMCShare/Core
  - WebViewJavascriptBridge (6.0.3)
  - WechatOpenSDK (1.8.2)
  - YYAsyncLayer (1.0)
  - YYCategories (1.0.4):
    - YYCategories/no-arc (= 1.0.4)
  - YYCategories/no-arc (1.0.4)
  - YYImage (1.0.4):
    - YYImage/Core (= 1.0.4)
  - YYImage/Core (1.0.4)
  - YYText (1.0.7)
  - ZFDownload (1.0.2):
    - ASIHTTPRequest
  - ZFPlayer (2.1.6):
    - Masonry
  - ZJScrollPageView (0.4.0)

DEPENDENCIES:
  - AFNetworking
  - ASIHTTPRequest
  - BaiduMapKit
  - CYLTabBarController
  - DWBubbleMenuButton
  - FCUUID
  - FDFullscreenPopGesture
  - FMDB
  - HMEmoticon
  - HMQRCodeScanner
  - iflyMSC
  - IQKeyboardManager
  - KILabel
  - LxGridView
  - M13ProgressSuite
  - MagicWindowSDK
  - Masonry
  - MBProgressHUD
  - MJExtension
  - MJRefresh
  - MOFSPickerManager
  - Reachability
  - SDCycleScrollView
  - SDWebImage
  - Toast
  - TZImagePickerController
  - UMCAnalytics
  - UMCCommon
  - UMCPush
  - UMCSecurityPlugins
  - UMCShare/Social/ReducedQQ
  - UMCShare/Social/ReducedSina
  - UMCShare/Social/ReducedWeChat
  - UMCShare/UI
  - WebViewJavascriptBridge
  - YYAsyncLayer
  - YYCategories
  - YYImage
  - YYText
  - ZFDownload
  - ZFPlayer
  - ZJScrollPageView

SPEC REPOS:
  https://github.com/CocoaPods/Specs.git:
    - AFNetworking
    - ASIHTTPRequest
    - BaiduMapKit
    - CYLTabBarController
    - DWBubbleMenuButton
    - FCUUID
    - FDFullscreenPopGesture
    - FMDB
    - HMEmoticon
    - HMQRCodeScanner
    - iflyMSC
    - IQKeyboardManager
    - KILabel
    - LxGridView
    - M13ProgressSuite
    - MagicWindowSDK
    - Masonry
    - MBProgressHUD
    - MJExtension
    - MJRefresh
    - MOFSPickerManager
    - Reachability
    - SDCycleScrollView
    - SDWebImage
    - Toast
    - TZImagePickerController
    - UICKeyChainStore
    - UMCAnalytics
    - UMCCommon
    - UMCPush
    - UMCSecurityPlugins
    - UMCShare
    - WebViewJavascriptBridge
    - WechatOpenSDK
    - YYAsyncLayer
    - YYCategories
    - YYImage
    - YYText
    - ZFDownload
    - ZFPlayer
    - ZJScrollPageView

SPEC CHECKSUMS:
  AFNetworking: b6f891fdfaed196b46c7a83cf209e09697b94057
  ASIHTTPRequest: ec013992946676b7978dcbde6396d57312d21db4
  BaiduMapKit: 8fa2eb2ca81b92b740b19d9ff3b59d751d3e92e1
  CYLTabBarController: c374643dea6dadece8bdff9c70f7387f8ffd7d08
  DWBubbleMenuButton: 4d9bdbb9d662bdf65c93ceb7fc65901871143d1e
  FCUUID: bb054fc90cd7cd99320f9f6ff8e130fe607fba05
  FDFullscreenPopGesture: a8a620179e3d9c40e8e00256dcee1c1a27c6d0f0
  FMDB: 6198a90e7b6900cfc046e6bc0ef6ebb7be9236aa
  HMEmoticon: 7cac18c01b74a2eaf833e2083c0238cb3c29b6a8
  HMQRCodeScanner: 8db2d317c0e5cbe3b4709fe2b9f26c107d66554e
  iflyMSC: 7631cefeb1493b4bf0812a2a9b4fcdc6fe9f782e
  IQKeyboardManager: c49d59e358aeeffaa0280aa305093c2b194d2607
  KILabel: 4797807cdc0b4992dad8bf91175ddc973c3b569b
  LxGridView: af7b9360cce8eec2bcb11aa9d3cb7b9674372b74
  M13ProgressSuite: ea9f7263e73e9215e6849dfa54e29ee0ad6a145c
  MagicWindowSDK: 0a00c8322b444b8a12eac62958d0803c917ffcd1
  Masonry: 678fab65091a9290e40e2832a55e7ab731aad201
  MBProgressHUD: e7baa36a220447d8aeb12769bf0585582f3866d9
  MJExtension: 5932755f451458eefa24239358817f8d291240c7
  MJRefresh: b48380ae2b927b46c4ef000de9adb8dc748e1df7
  MOFSPickerManager: d8ab70073d03e9d69d76bc964fed5a9dae2bcafb
  Reachability: 33e18b67625424e47b6cde6d202dce689ad7af96
  SDCycleScrollView: 884b88f0266dd4708a0e1934975c69cb971707b1
  SDWebImage: de4d90b5bff3571eae7bd16202b1f43135409fa5
  Toast: 91b396c56ee72a5790816f40d3a94dd357abc196
  TZImagePickerController: 788184b04158006b25ffdbccbb550bfc193e9d9c
  UICKeyChainStore: 239558492fa260531a0774cfc611ea83a6eaff3a
  UMCAnalytics: 4667788559a72f2fa5077117d1b8802a3b6eb6bb
  UMCCommon: 82d21f4bb9532a5472cc533bbd8ed48aff376a14
  UMCPush: 6a56ca259e934043a491283a88b1699596ea1a18
  UMCSecurityPlugins: 0831a08f3988f3cea9f1d3a7626cd9bee4fef150
  UMCShare: f8be567946c3aa68deefd03b0ffaa0710a3b07ea
  WebViewJavascriptBridge: 7f5bc4d3581e672e8f32bd0f812d54bc69bb8e29
  WechatOpenSDK: 676feec516a11173eafd1fe64b10d27babf28701
  YYAsyncLayer: df6b01ebc695c5f6b4c15dd5c23fa3e081eb25c0
  YYCategories: 6bcd4314c6661a561410dce4a793379ebd306abd
  YYImage: 1e1b62a9997399593e4b9c4ecfbbabbf1d3f3b54
  YYText: 5c461d709e24d55a182d1441c41dc639a18a4849
  ZFDownload: a52f94ebb080833b8a8ceb19a409f2941343fe7f
  ZFPlayer: 833cb3974b619bfd01a0ec1ebaabfe6f629e85b4
  ZJScrollPageView: dd8778909cb2413782616ab156e873956f6b0682

PODFILE CHECKSUM: fb2d8b987969b27d8e52e3c818e3b0d4349b1108

COCOAPODS: 1.5.0
